
Microsoft Visual Studio Solution File, Format Version 12.00
# Visual Studio Version 17
VisualStudioVersion = 17.5.33516.290
MinimumVisualStudioVersion = 10.0.40219.1
Project("{FAE04EC0-301F-11D3-BF4B-00C04F79EFBC}") = "TimeManagementApp", "TimeManagementApp.csproj", "{581F15C8-B4F3-41B1-BF71-6347039C2494}"
EndProject
Global
	GlobalSection(SolutionConfigurationPlatforms) = preSolution
		Debug|Any CPU = Debug|Any CPU
		Release|Any CPU = Release|Any CPU
	EndGlobalSection
	GlobalSection(ProjectConfigurationPlatforms) = postSolution
		{581F15C8-B4F3-41B1-BF71-6347039C2494}.Debug|Any CPU.ActiveCfg = Debug|Any CPU
		{581F15C8-B4F3-41B1-BF71-6347039C2494}.Debug|Any CPU.Build.0 = Debug|Any CPU
		{581F15C8-B4F3-41B1-BF71-6347039C2494}.Release|Any CPU.ActiveCfg = Release|Any CPU
		{581F15C8-B4F3-41B1-BF71-6347039C2494}.Release|Any CPU.Build.0 = Release|Any CPU
	EndGlobalSection
	GlobalSection(SolutionProperties) = preSolution
		HideSolutionNode = FALSE
	EndGlobalSection
	GlobalSection(ExtensibilityGlobals) = postSolution
		SolutionGuid = {1BF82D48-93A9-44AE-8662-1045B01F86D1}
	EndGlobalSection
EndGlobal
